lockfileVersion: '9.0'

settings:
  autoInstallPeers: true
  excludeLinksFromLockfile: false

importers:

  .:
    dependencies:
      '@deepseek-ai/cordis':
        specifier: 4.0.4
        version: 4.0.4
      '@deepseek-ai/dsh-agent':
        specifier: 0.1.5-rc.2
        version: 0.1.5-rc.2(1683dffbbaa40ca3902cbce6322851b3)
      '@deepseek-ai/dsh-agent-loop':
        specifier: 0.1.5-rc.2
        version: 0.1.5-rc.2(323d2eb40a47fe08e979a4f2eaa1a111)
      '@deepseek-ai/dsh-attachment':
        specifier: 0.1.5-rc.2
        version: 0.1.5-rc.2(@deepseek-ai/cordis@4.0.4)(@deepseek-ai/dsh-brand@0.1.5-rc.3(@deepseek-ai/cordis@4.0.4))
      '@deepseek-ai/dsh-home-paths':
        specifier: 0.1.5-rc.2
        version: 0.1.5-rc.2(@deepseek-ai/cordis@4.0.4)
      '@deepseek-ai/dsh-invariants':
        specifier: 0.1.5-rc.2
        version: 0.1.5-rc.2(@deepseek-ai/cordis@4.0.4)
      '@deepseek-ai/dsh-llm':
        specifier: 0.1.5-rc.2
        version: 0.1.5-rc.2(@deepseek-ai/cordis@4.0.4)
      '@deepseek-ai/dsh-scope':
        specifier: 0.1.5-rc.2
        version: 0.1.5-rc.2(@deepseek-ai/cordis@4.0.4)(@deepseek-ai/dsh-invariants@0.1.5-rc.2(@deepseek-ai/cordis@4.0.4))
      '@deepseek-ai/dsh-session':
        specifier: 0.1.5-rc.2
        version: 0.1.5-rc.2(@deepseek-ai/cordis@4.0.4)(@deepseek-ai/dsh-scope@0.1.5-rc.2(@deepseek-ai/cordis@4.0.4)(@deepseek-ai/dsh-invariants@0.1.5-rc.2(@deepseek-ai/cordis@4.0.4)))
      '@deepseek-ai/dsh-session-persistence':
        specifier: 0.1.5-rc.2
        version: 0.1.5-rc.2(@deepseek-ai/cordis@4.0.4)(@deepseek-ai/dsh-brand@0.1.5-rc.3(@deepseek-ai/cordis@4.0.4))(@deepseek-ai/dsh-session@0.1.5-rc.2(@deepseek-ai/cordis@4.0.4)(@deepseek-ai/dsh-scope@0.1.5-rc.2(@deepseek-ai/cordis@4.0.4)(@deepseek-ai/dsh-invariants@0.1.5-rc.2(@deepseek-ai/cordis@4.0.4))))(@deepseek-ai/dsh-timeout@0.1.5-rc.2(@deepseek-ai/cordis@4.0.4))
      '@deepseek-ai/dsh-session-persistence-jsonl':
        specifier: 0.1.5-rc.2
        version: 0.1.5-rc.2(@deepseek-ai/cordis@4.0.4)(@deepseek-ai/dsh-session-persistence@0.1.5-rc.2(@deepseek-ai/cordis@4.0.4)(@deepseek-ai/dsh-brand@0.1.5-rc.3(@deepseek-ai/cordis@4.0.4))(@deepseek-ai/dsh-session@0.1.5-rc.2(@deepseek-ai/cordis@4.0.4)(@deepseek-ai/dsh-scope@0.1.5-rc.2(@deepseek-ai/cordis@4.0.4)(@deepseek-ai/dsh-invariants@0.1.5-rc.2(@deepseek-ai/cordis@4.0.4))))(@deepseek-ai/dsh-timeout@0.1.5-rc.2(@deepseek-ai/cordis@4.0.4)))(@deepseek-ai/dsh-session@0.1.5-rc.2(@deepseek-ai/cordis@4.0.4)(@deepseek-ai/dsh-scope@0.1.5-rc.2(@deepseek-ai/cordis@4.0.4)(@deepseek-ai/dsh-invariants@0.1.5-rc.2(@deepseek-ai/cordis@4.0.4))))
      '@deepseek-ai/dsh-settings':
        specifier: 0.1.5-rc.2
        version: 0.1.5-rc.2(@deepseek-ai/cordis@4.0.4)(@deepseek-ai/dsh-brand@0.1.5-rc.3(@deepseek-ai/cordis@4.0.4))(@deepseek-ai/dsh-invariants@0.1.5-rc.2(@deepseek-ai/cordis@4.0.4))(@deepseek-ai/dsh-session@0.1.5-rc.2(@deepseek-ai/cordis@4.0.4)(@deepseek-ai/dsh-scope@0.1.5-rc.2(@deepseek-ai/cordis@4.0.4)(@deepseek-ai/dsh-invariants@0.1.5-rc.2(@deepseek-ai/cordis@4.0.4))))(@deepseek-ai/schemastery@3.18.1)
      '@deepseek-ai/dsh-subprocess':
        specifier: 0.1.5-rc.2
        version: 0.1.5-rc.2(@deepseek-ai/cordis@4.0.4)(@deepseek-ai/dsh-http-proxy@0.1.5-rc.3(@deepseek-ai/cordis@4.0.4))
      '@deepseek-ai/dsh-subprocess-local':
        specifier: 0.1.5-rc.2
        version: 0.1.5-rc.2(@deepseek-ai/cordis@4.0.4)(@deepseek-ai/dsh-subprocess@0.1.5-rc.2(@deepseek-ai/cordis@4.0.4)(@deepseek-ai/dsh-http-proxy@0.1.5-rc.3(@deepseek-ai/cordis@4.0.4)))(@deepseek-ai/dsh-timeout@0.1.5-rc.2(@deepseek-ai/cordis@4.0.4))
      '@deepseek-ai/dsh-system-prompt':
        specifier: 0.1.5-rc.2
        version: 0.1.5-rc.2(@deepseek-ai/cordis@4.0.4)(@deepseek-ai/dsh-invariants@0.1.5-rc.2(@deepseek-ai/cordis@4.0.4))(@deepseek-ai/dsh-llm@0.1.5-rc.2(@deepseek-ai/cordis@4.0.4))(@deepseek-ai/dsh-scope@0.1.5-rc.2(@deepseek-ai/cordis@4.0.4)(@deepseek-ai/dsh-invariants@0.1.5-rc.2(@deepseek-ai/cordis@4.0.4)))
      '@deepseek-ai/dsh-timeout':
        specifier: 0.1.5-rc.2
        version: 0.1.5-rc.2(@deepseek-ai/cordis@4.0.4)
      '@deepseek-ai/dsh-typert-protocol':
        specifier: 0.1.5-rc.2
        version: 0.1.5-rc.2(@deepseek-ai/cordis@4.0.4)
      '@deepseek-ai/schemastery':
        specifier: 3.18.1
        version: 3.18.1

packages:

  '@deepseek-ai/cordis@4.0.4':
    resolution: {integrity: sha512-obgyxqWAmFn3Re8kvsuUnyW+ihrz6eJCnJO4fh1cQzDtmPYz/zzVeUkH9R94I0OwSVOocK67Kgakm04j/oQXzg==}
    hasBin: true
    peerDependencies:
      '@deepseek-ai/cordis-plugin-include': ~1.0.9
      '@deepseek-ai/cordis-plugin-loader': ~1.0.5
    peerDependenciesMeta:
      '@deepseek-ai/cordis-plugin-include':
        optional: true
      '@deepseek-ai/cordis-plugin-loader':
        optional: true

  '@deepseek-ai/cosmokit@1.8.5':
    resolution: {integrity: sha512-LXsrlem9z8dq4sLflj2yuCuYX7KqhdzF5hZly3eZyuTo8d6oDSOXuEgC5DbQWKW+lksm6zmOutQLsP/ma6wR6A==}

  '@deepseek-ai/dsh-agent-loop@0.1.5-rc.2':
    resolution: {integrity: sha512-24wvqVlqFmdqJ2Bhcku/vKeNy+qWSmeEeN7lvcUB+WkhcF0/Ra2G3WwcVmnahJA4+w0AKdW3W7v+YYcO/jKJpg==}
    peerDependencies:
      '@deepseek-ai/cordis': ^4.0.2
      '@deepseek-ai/dsh-agent': ^0.1.5-rc.2
      '@deepseek-ai/dsh-invariants': ^0.1.5-rc.2
      '@deepseek-ai/dsh-llm': ^0.1.5-rc.2
      '@deepseek-ai/dsh-scope': ^0.1.5-rc.2
      '@deepseek-ai/dsh-session': ^0.1.5-rc.2
      '@deepseek-ai/dsh-session-persistence': ^0.1.5-rc.2
      '@deepseek-ai/dsh-session-projection': ^0.1.5-rc.2
      '@deepseek-ai/dsh-settings': ^0.1.5-rc.2
      '@deepseek-ai/dsh-system-prompt': ^0.1.5-rc.2
      '@deepseek-ai/dsh-tools': ^0.1.5-rc.2

  '@deepseek-ai/dsh-agent@0.1.5-rc.2':
    resolution: {integrity: sha512-SlUL1riZmVLwMUR3jo9CP/R1cxov9dHkCJDh6JQW3fSZJVCIdPygBRlAweCUDvHxAEmPpFHxE/U3NmSUbX+vQQ==}
    peerDependencies:
      '@deepseek-ai/cordis': ^4.0.2
      '@deepseek-ai/dsh-invariants': ^0.1.5-rc.2
      '@deepseek-ai/dsh-llm': ^0.1.5-rc.2
      '@deepseek-ai/dsh-scope': ^0.1.5-rc.2
      '@deepseek-ai/dsh-session': ^0.1.5-rc.2
      '@deepseek-ai/dsh-session-projection': ^0.1.5-rc.2
      '@deepseek-ai/dsh-system-prompt': ^0.1.5-rc.2
      '@deepseek-ai/dsh-typert-protocol': ^0.1.5-rc.2
      '@deepseek-ai/dsh-util-values': ^0.1.5-rc.2

  '@deepseek-ai/dsh-attachment@0.1.5-rc.2':
    resolution: {integrity: sha512-S6b8/WjqzGw+dMDLRXnq+tbijDGkQh38yE+zpQytX2/w/mPR3VzGj5r6McS01WwD76vXR8WFoheSCLyCAro8WQ==}
    peerDependencies:
      '@deepseek-ai/cordis': ^4.0.2
      '@deepseek-ai/dsh-brand': ^0.1.5-rc.2

  '@deepseek-ai/dsh-brand@0.1.5-rc.3':
    resolution: {integrity: sha512-pzbPtyEwnFMCrUYLwFio8GmUxtTqqAkhW5IheWH1tSgUnVIAu4OwVbxwTNiDGMRbgTRAzT9xZ7bukUejpyob4w==}
    peerDependencies:
      '@deepseek-ai/cordis': 4.0.2

  '@deepseek-ai/dsh-code-runtime@0.1.5-rc.3':
    resolution: {integrity: sha512-BXxnniypydUqy5H5VhQGso5QK6Q+HNurTf8jaTv5FYOR/vxB40LY+bFGd70sTthi2q3nh6rqVV0yKJqYhyPksQ==}
    peerDependencies:
      '@deepseek-ai/cordis': 4.0.2

  '@deepseek-ai/dsh-home-paths@0.1.5-rc.2':
    resolution: {integrity: sha512-Ek+DH9+MTiulfWDMKo5r335k4I9XIItk+jq8YaPihpK3klSeiKLW/SpKJhFodRnW1CwEyjIlt2XriycRvceIiw==}
    peerDependencies:
      '@deepseek-ai/cordis': ^4.0.2

  '@deepseek-ai/dsh-http-proxy@0.1.5-rc.3':
    resolution: {integrity: sha512-U8RbeToEY520FGkgyO6L/wdbnZgbx0ksSXBQexoBW6O4maRR8lMPrrniFXfecbivN5UhPQUsrXIAaaxKxFc0dA==}
    peerDependencies:
      '@deepseek-ai/cordis': 4.0.2

  '@deepseek-ai/dsh-invariants@0.1.5-rc.2':
    resolution: {integrity: sha512-oUxttB2yjAgkk47AiXOCxk9GwnfGvIEGsQfnMD7fukwIdD3KLJObU7+nz63tbFN80rjwMI8rg+p9QBQ10KU5+g==}
    peerDependencies:
      '@deepseek-ai/cordis': ^4.0.2

  '@deepseek-ai/dsh-llm@0.1.5-rc.2':
    resolution: {integrity: sha512-Z7BVsBkK24SE4EItQeow8PHms/9GP0DSTi337vTAa/RY7tNg2Snz3INcXUj6CPZfvntQr1in9op9wLI+rfNsqA==}
    peerDependencies:
      '@deepseek-ai/cordis': ^4.0.2

  '@deepseek-ai/dsh-llm@0.1.5-rc.3':
    resolution: {integrity: sha512-c6Z7S1SlRAgLKQ/MZKp0mCMrBz06X9XEddLFxhK5Flq0PM18dsJgIbRgNpobILy2AJyYx0vnHbepjmITW6BXWA==}
    peerDependencies:
      '@deepseek-ai/cordis': 4.0.2

  '@deepseek-ai/dsh-scope@0.1.5-rc.2':
    resolution: {integrity: sha512-JwItISje52iVIjlGMNayRVMZrvZU/0i3Gr0s+coND5nBp5lS+pOj9Zf1RQzA5cWjHYCWKmDuQc+m6zGlwmtAeQ==}
    peerDependencies:
      '@deepseek-ai/cordis': ^4.0.2
      '@deepseek-ai/dsh-invariants': ^0.1.5-rc.2

  '@deepseek-ai/dsh-session-format-catalog@0.1.5-rc.3':
    resolution: {integrity: sha512-R9ilR/0LKeIhShJxWMxtut1Um1Tb4r0JxR9Ay757Z4jL6yjk9mR1H3mBlZq6gf2U/bTkm2EW55WVJ+sdTC6row==}
    peerDependencies:
      '@deepseek-ai/cordis': 4.0.2
      '@deepseek-ai/dsh-session': ^0.1.5-rc.3

  '@deepseek-ai/dsh-session-format-v0-to-v1@0.1.5-rc.3':
    resolution: {integrity: sha512-IgChyon/xZeeiMGn7IKRQi+1Mn8e2AwMgQ/7PXQkbXIVGMYinNvFBPumdKY7zahbHpMSVxgWV45KztO39MJ22g==}
    peerDependencies:
      '@deepseek-ai/cordis': 4.0.2

  '@deepseek-ai/dsh-session-format-v1-to-v2@0.1.5-rc.3':
    resolution: {integrity: sha512-LgjiKIVD0N5TPwvAn8SjuSXp1Siw6BUyhurVlJpZCGtXATpS3tSzAAjQJGwxgz3sOFrl/ML2YY36mzY2n+lSBw==}
    peerDependencies:
      '@deepseek-ai/cordis': 4.0.2

  '@deepseek-ai/dsh-session-format-v2-to-v3@0.1.5-rc.3':
    resolution: {integrity: sha512-pcssXAfx1QdxqNcD/h/xByN4lWbnqHVOpM9Zq7i9Gyhgtt9+EdPw6DZ639psx6idCvU5Hv1aYytm+N8Kk970MQ==}
    peerDependencies:
      '@deepseek-ai/cordis': 4.0.2

  '@deepseek-ai/dsh-session-format@0.1.5-rc.3':
    resolution: {integrity: sha512-5oFAlCCmO4CLLH/3DUxhLzJ+oMSC/MxKm0df0vzYo5AmrPLpBnqPZADp6snaiGZJl02JVUvo/gTPdG70NkV69Q==}
    peerDependencies:
      '@deepseek-ai/cordis': 4.0.2

  '@deepseek-ai/dsh-session-persistence-jsonl@0.1.5-rc.2':
    resolution: {integrity: sha512-nkIXdb5oOV6a05Of+3Wywe3gEB77uQOH1U0M+/SRVziSLX4JkE+us7dbWczOOloZjuUsEV7Il8kZ3R9JLsGqjA==}
    peerDependencies:
      '@deepseek-ai/cordis': ^4.0.2
      '@deepseek-ai/dsh-session': ^0.1.5-rc.2
      '@deepseek-ai/dsh-session-persistence': ^0.1.5-rc.2

  '@deepseek-ai/dsh-session-persistence@0.1.5-rc.2':
    resolution: {integrity: sha512-0nDeM+H+3YR0CH/IVlhjNL9bDx2G4QbliaLekVxY0jdZHM7RqdN/fWPKjeCKbXcRq6qdn9QcmvXU3uWZdErlIw==}
    peerDependencies:
      '@deepseek-ai/cordis': ^4.0.2
      '@deepseek-ai/dsh-brand': ^0.1.5-rc.2
      '@deepseek-ai/dsh-session': ^0.1.5-rc.2
      '@deepseek-ai/dsh-timeout': ^0.1.5-rc.2

  '@deepseek-ai/dsh-session-projection@0.1.5-rc.3':
    resolution: {integrity: sha512-cZEVVXN38N3cm+577BjZfVymDWUtG+lbi041vl6rJme4AfNaz2PujcVbzFu1PXg+QpbX19r0JA01B/t62xLOQg==}
    peerDependencies:
      '@deepseek-ai/cordis': 4.0.2
      '@deepseek-ai/dsh-session': ^0.1.5-rc.3

  '@deepseek-ai/dsh-session@0.1.5-rc.2':
    resolution: {integrity: sha512-y+klWiGAWR4m4cc4ylurA0cW63673B4N8cr2ANMimweDZAfxL4XVBC7WiD/5DT2DtIhYmVZhz/niyS/WbniUTA==}
    peerDependencies:
      '@deepseek-ai/cordis': ^4.0.2
      '@deepseek-ai/dsh-scope': ^0.1.5-rc.2

  '@deepseek-ai/dsh-settings@0.1.5-rc.2':
    resolution: {integrity: sha512-LI2Y6GkEs9ALMW+7S9jHPeEZDXHtG5X6cix1HdJ1rRxTEO5427QlYhMiz45rk7hqZ8ca2O4XFMW8IWXFZQLxmw==}
    peerDependencies:
      '@deepseek-ai/cordis': ^4.0.2
      '@deepseek-ai/dsh-brand': ^0.1.5-rc.2
      '@deepseek-ai/dsh-invariants': ^0.1.5-rc.2
      '@deepseek-ai/dsh-session': ^0.1.5-rc.2
      '@deepseek-ai/schemastery': ^3.18.2

  '@deepseek-ai/dsh-subprocess-local@0.1.5-rc.2':
    resolution: {integrity: sha512-DmG3lcQlAh8bTKfeyYM44cfRyJktbLL8drXrVfOvGrFk0zSs5eTSLcfhIKLT3jFJ5CKFriHYZPLdRT6Alvyy4w==}
    peerDependencies:
      '@deepseek-ai/cordis': ^4.0.2
      '@deepseek-ai/dsh-subprocess': ^0.1.5-rc.2
      '@deepseek-ai/dsh-timeout': ^0.1.5-rc.2

  '@deepseek-ai/dsh-subprocess@0.1.5-rc.2':
    resolution: {integrity: sha512-Bbxg5/dlbK09qNu4/BVuicUAYnC+b/YGhtkUBsxa9/+KRfvloeJcJ9Ug6dKAeJeluzEXnFIh08+MNweO7hn7ig==}
    peerDependencies:
      '@deepseek-ai/cordis': ^4.0.2
      '@deepseek-ai/dsh-http-proxy': ^0.1.5-rc.2

  '@deepseek-ai/dsh-system-prompt@0.1.5-rc.2':
    resolution: {integrity: sha512-VtmZVKqBMJ7kzskHu0jY+Jth7jSuKMG8QB3MBPzJe9M0LL4YPMWsGKt9gGky9RXolk/ugAy4YZEv1gUqouVofA==}
    peerDependencies:
      '@deepseek-ai/cordis': ^4.0.2
      '@deepseek-ai/dsh-invariants': ^0.1.5-rc.2
      '@deepseek-ai/dsh-llm': ^0.1.5-rc.2
      '@deepseek-ai/dsh-scope': ^0.1.5-rc.2

  '@deepseek-ai/dsh-timeout@0.1.5-rc.2':
    resolution: {integrity: sha512-FgfaAw8Zt5X4Y6Ljh833B8Hy7h96FeR+yjNKI3iSyZSqREqOBgvDGXFfQlSu6V3Buvw/cbI/CJUQJvfRBKXOiA==}
    peerDependencies:
      '@deepseek-ai/cordis': ^4.0.2

  '@deepseek-ai/dsh-timeout@0.1.5-rc.3':
    resolution: {integrity: sha512-Z7HyqvGaO/k4XLp/EykvIuA0i67CvWb/R0c7Lt/3/8dwmDvqKWgWvh/EiNip7UMXMpQBJzI+Xe4OuzXV/A90Nw==}
    peerDependencies:
      '@deepseek-ai/cordis': 4.0.2

  '@deepseek-ai/dsh-tools@0.1.5-rc.3':
    resolution: {integrity: sha512-GEMQyn1iHmQhwn/2gwDRdyaD369zu7DCQ0Ao58hGYMDhPBaoc21SuKZ3I5wVJcYRhSPfSev2Gz9FJ+x1R6tSZw==}
    peerDependencies:
      '@deepseek-ai/cordis': 4.0.2
      '@deepseek-ai/dsh-agent': ^0.1.5-rc.3
      '@deepseek-ai/dsh-code-runtime': ^0.1.5-rc.3
      '@deepseek-ai/dsh-invariants': ^0.1.5-rc.3
      '@deepseek-ai/dsh-llm': ^0.1.5-rc.3
      '@deepseek-ai/dsh-scope': ^0.1.5-rc.3
      '@deepseek-ai/dsh-session': ^0.1.5-rc.3
      '@deepseek-ai/dsh-system-prompt': ^0.1.5-rc.3
      '@deepseek-ai/dsh-user-approval': ^0.1.5-rc.3

  '@deepseek-ai/dsh-typert-protocol@0.1.5-rc.2':
    resolution: {integrity: sha512-zP8J20rBXa1AFjKL2i83JBeQcePZx8yal3pNojj4t7CCokMcoFMUbr50woa6fY1tRJ7qHxgypO3rH8Q6YWgmiA==}
    peerDependencies:
      '@deepseek-ai/cordis': ^4.0.2

  '@deepseek-ai/dsh-typert-protocol@0.1.5-rc.3':
    resolution: {integrity: sha512-lcQGIQK4Z5dBguLQFzoDiHQBT387egSnFYJOakEjqIMM9jkAfMI/HqlsVSRSzHW7SQL9f6SxJMHCD7pIkJzsWA==}
    peerDependencies:
      '@deepseek-ai/cordis': 4.0.2

  '@deepseek-ai/dsh-user-approval@0.1.5-rc.3':
    resolution: {integrity: sha512-AOgmQWcowf8PgRKC4Ejs9oBMmLyJGHJCWawCCHs4Ztx7M8/o01Zccma1TgrSDDwW2ITlJx6ad6OJceX7Kvs4nA==}
    peerDependencies:
      '@deepseek-ai/cordis': 4.0.2
      '@deepseek-ai/dsh-agent': ^0.1.5-rc.3
      '@deepseek-ai/dsh-brand': ^0.1.5-rc.3
      '@deepseek-ai/dsh-invariants': ^0.1.5-rc.3
      '@deepseek-ai/dsh-llm': ^0.1.5-rc.3
      '@deepseek-ai/dsh-scope': ^0.1.5-rc.3
      '@deepseek-ai/dsh-session': ^0.1.5-rc.3
      '@deepseek-ai/dsh-system-prompt': ^0.1.5-rc.3

  '@deepseek-ai/dsh-util-crypto@0.1.5-rc.3':
    resolution: {integrity: sha512-gQAFF2TLLAV5ejHAklCplePVdL2TV4CH1Xt3A0bqaLxZ2zoOxXoVUieUzPrHo+X1NKfsmdcWvOx9zdlDkXY+sQ==}
    peerDependencies:
      '@deepseek-ai/cordis': 4.0.2

  '@deepseek-ai/dsh-util-values@0.1.5-rc.3':
    resolution: {integrity: sha512-K0qEm9XmgcxCMuJBK7skNE3v35JTOurN24IwrZ4t0xoaSlZSF4wR0L/R7ipj9IQSlB7sGdQLdegTNsZmSlmw4Q==}
    peerDependencies:
      '@deepseek-ai/cordis': 4.0.2

  '@deepseek-ai/dsh-win32-process@0.1.5-rc.3':
    resolution: {integrity: sha512-JOufDG61MUrPCJo7Pt9Slis4E8kUgIUohtgmRURVoZ4rwDNWVRQ20JFwIjMDyAlkBzz7hT4ctN2xaPXCSxfR/Q==}
    peerDependencies:
      '@deepseek-ai/cordis': 4.0.2

  '@deepseek-ai/node-addon-system-darwin-arm64@0.1.2':
    resolution: {integrity: sha512-IR0cx8um19mLCZaJ+H5PLblKr6Eg3PWvVo8eTQBr/SwH2nh5tM9CD9/5fHweNS9Pjt15UdFlGqnvLSd/w+O6Rw==}
    engines: {node: '>=20'}
    cpu: [arm64]
    os: [darwin]

  '@deepseek-ai/node-addon-system-darwin-x64@0.1.2':
    resolution: {integrity: sha512-XDbmquNapk9aT28y4EKn9lbONVr9YNs1NM/GKH1Gi5gUhjOT9wgRaTv72FJdNaVIInbPAYbPoyn7/y+MzQMNNg==}
    engines: {node: '>=20'}
    cpu: [x64]
    os: [darwin]

  '@deepseek-ai/node-addon-system-linux-arm64@0.1.2':
    resolution: {integrity: sha512-Z/DQtqgEYzjBzb2ocHGjMzx51W7xDILkJKKj89nyErr8gZMNiLs+JNL1uKzJqc3VLZB+vYCPaHGyQ3oX6EzEmA==}
    engines: {node: '>=20'}
    cpu: [arm64]
    os: [linux]

  '@deepseek-ai/node-addon-system-linux-x64@0.1.2':
    resolution: {integrity: sha512-S2aPVHvYCpNCppCFyNlooMYuTB7ucK5lvD9oXQQ42v5Z2s5AoaiCdjz9r2l+ED2rI5oS1x0cUZmKjJH2dxV0pg==}
    engines: {node: '>=20'}
    cpu: [x64]
    os: [linux]

  '@deepseek-ai/node-addon-system@0.1.2':
    resolution: {integrity: sha512-EFn8K+mXIXiw6s3rxX+cgp2hZTEAQdVIsURhrXnBxycSXvtQ1EQpsSVzoNKtKAQI0I0VqkEcVEjHzS/PeaGsvw==}
    engines: {node: '>=20'}

  '@deepseek-ai/schemastery@3.18.1':
    resolution: {integrity: sha512-Qn0FCSwCQnpnj6SB31I6i2sIKgKWnkbJM8O0EU91Gv2UsYVvtZTl6IA0sCwk2e2MZf5S8w5hpq9QkeVvK9qwxg==}

  '@deepseek-ai/schemastery@3.18.2':
    resolution: {integrity: sha512-njDtZsznjYxok7KLLlHOPyuv2efdWVbSflAHgztSfbMsg+CVraEoRe2DjOCgClYv3ZCSm7WXoaUkbB/+RY7tWQ==}

  '@deepseek-ai/schemastery@3.18.4':
    resolution: {integrity: sha512-SSXO6tYuyrIqKVbmOnIq0s+riUywYzouFMcnBluHF9n4KMo2G8HvEzhCYj6pj2617/glOjbJuVInJ9hfONsjkg==}

  '@koromix/koffi-android-arm64@3.3.1':
    resolution: {integrity: sha512-S3yMzUGca5UJRioY7wdBjeO+LuW9mQhrksL+Wd5ri1X7kWMB2IGLzrT1mn1xqx02Vicgvuy5GtkhHuxG5mkzYw==}
    cpu: [arm64]
    os: [android]

  '@koromix/koffi-android-x64@3.3.1':
    resolution: {integrity: sha512-QaKSyVi37j19CfN2tR3q8lQMosZ+mQIOQXcNQmWXfYDUs9x2CSCxzvMTeQyFyGdAqB58dBluEiy8V5ZMvARSHg==}
    cpu: [x64]
    os: [android]

  '@koromix/koffi-darwin-arm64@3.3.1':
    resolution: {integrity: sha512-xVLQMZzACn6TQJsGp/mBF71mfRyuhmxTBGcQLfJM59YArNN/9+1JV8FFCElmgspffijASZsLwbSEdPwZMNeDhQ==}
    cpu: [arm64]
    os: [darwin]

  '@koromix/koffi-darwin-x64@3.3.1':
    resolution: {integrity: sha512-+VGqqnBQvR+AbAbRyRDsxK0D6wwAivUURWsyVX8NhR5agf+0+sSAdNMsSy+9DyO7CmioTUVwV+Do+12uWnFrmA==}
    cpu: [x64]
    os: [darwin]

  '@koromix/koffi-freebsd-arm64@3.3.1':
    resolution: {integrity: sha512-oPkfxEiLiZs1jV6qqw3DzZy3aigzOb9mGbRtK6ENNgoiZ2QdAw55cXUTOMNiAwgbkBwt7SsorFdUnYUuP5b0Gg==}
    cpu: [arm64]
    os: [freebsd]

  '@koromix/koffi-freebsd-ia32@3.3.1':
    resolution: {integrity: sha512-uLb93keIlk6TkECtb17z2d5nehEIJ2labIXF0ava3s+9w7VE7QZUw3O2IQVq4t95sIm5rMoE1Y+cFa0aN6444w==}
    cpu: [ia32]
    os: [freebsd]

  '@koromix/koffi-freebsd-x64@3.3.1':
    resolution: {integrity: sha512-+Iuh+m5Ln0fjubgw/6bzEkliBcFBIFWWL7IqzmktPy0Q0Bq+XCGtUf+5/KTlodYlTOLv/SE/YTbVkk3c02+E6w==}
    cpu: [x64]
    os: [freebsd]

  '@koromix/koffi-linux-arm64@3.3.1':
    resolution: {integrity: sha512-Itv2N+TvBFTSdEZdokM4ydjbBwr6GNKd51+UXoh/5HVXALBRnMQek2QhBnG7z6H9+/p2SB4rqBnvhuLQpv4B7g==}
    cpu: [arm64]
    os: [linux]

  '@koromix/koffi-linux-arm@3.3.1':
    resolution: {integrity: sha512-rE6QypE/h4nDHPlzzVPok5W2gL5CopvBYI44lJXO2SauxVAeV86bbf+ucmF/toYENdjF0DBdY7GbloyixwQpPQ==}
    cpu: [arm]
    os: [linux]

  '@koromix/koffi-linux-ia32@3.3.1':
    resolution: {integrity: sha512-pb1NJ/Ih4MAPB1e2koQOKxGtLuPWKMT3QXxBrPptkkkDz/XpV6+bAA4ys7amXxpA0ybM2u/+VM0gGzdJRThkRg==}
    cpu: [ia32]
    os: [linux]

  '@koromix/koffi-linux-loong64@3.3.1':
    resolution: {integrity: sha512-RdS57JuF39tLXS/yYq4KlFnU7CMrn1+x/4v171bji+1aPYOXPxzYDAJVjapv/6tnrESrMTnfWIja3jfzieFmpQ==}
    cpu: [loong64]
    os: [linux]

  '@koromix/koffi-linux-ppc64@3.3.1':
    resolution: {integrity: sha512-nmOTpQQS5pWG73X01y7K70JQaL+5T/v04i0G4BtXDAxQq3WHmyeJCgmdHhz5W0JVtjHicitSZoothTspAopF9A==}
    cpu: [ppc64]
    os: [linux]

  '@koromix/koffi-linux-riscv64@3.3.1':
    resolution: {integrity: sha512-mk0Av5QmK0BPD3OHytOThVhEe4VCTrYv3+em6h75E1rNYiCfixzeh3d5+s5x2vCaby8zzxvNd39sO89Bp1juwg==}
    cpu: [riscv64]
    os: [linux]

  '@koromix/koffi-linux-x64@3.3.1':
    resolution: {integrity: sha512-uU5cJNe145TvITqrUWvBmZO4WLNObdZ2Gnm8eNk/OdrhRFG9LB44RUv07aQwPbdo1438j+Cr+tFNnpjTBadZFQ==}
    cpu: [x64]
    os: [linux]

  '@koromix/koffi-openbsd-arm64@3.3.1':
    resolution: {integrity: sha512-owXmXHI+5kkDyVjqGPfPgIHIzH1swsGY+YNbQ4ozkO23UKzJElAtmQPcmA1pQwiDCeyojHEelgd9+BV58uOIkA==}
    cpu: [arm64]
    os: [openbsd]

  '@koromix/koffi-openbsd-ia32@3.3.1':
    resolution: {integrity: sha512-fvIKWycDdc9XL3ATQT0uvt/j82EB3/JWzJU4yqUCJbMotTP8mvo/c1D1Jus4mO+fNGEYM33YuFDkJcQkHJd9Dg==}
    cpu: [ia32]
    os: [openbsd]

  '@koromix/koffi-openbsd-x64@3.3.1':
    resolution: {integrity: sha512-UYk2xNAK5wEyskLtrgTRt+2lwfBOvgaK8UJDz4B2qm57VvRrqb7ye1hzKFZrRVa8NWRPUk6W/zsqZyFHu4BoLA==}
    cpu: [x64]
    os: [openbsd]

  '@koromix/koffi-win32-arm64@3.3.1':
    resolution: {integrity: sha512-SZsmAWUKxBHdUR6Z5IJTslOOy0VEFHxoDHMZkn3k0P5TuP/aOZfQYoEa34UwnLI8t2Fmgyhmympth+39tR/XUw==}
    cpu: [arm64]
    os: [win32]

  '@koromix/koffi-win32-ia32@3.3.1':
    resolution: {integrity: sha512-pARisOvxCPkk6Wg1HkwRCnrkJIVS31kDweWLo+bQay/Dr1915s7skVydWpTKS30EcfOh4Jay7B4c0dgamTLBHg==}
    cpu: [ia32]
    os: [win32]

  '@koromix/koffi-win32-x64@3.3.1':
    resolution: {integrity: sha512-LYoO19cTIA7xjl+3s4VeGagCAO38VNXZ969DNszb1wTwJUjrHLrAbHFkk8fYkXineM3HJkFwElW0VLmZqXcfRg==}
    cpu: [x64]
    os: [win32]

  '@standard-schema/spec@1.1.0':
    resolution: {integrity: sha512-l2aFy5jALhniG5HgqrD6jXLi/rUWrKvqN/qJx6yoJsgKhblVd+iqqU4RCXavm/jPityDo5TCvKMnpjKnOriy0w==}

  koffi@3.3.1:
    resolution: {integrity: sha512-FZYfhBfYQr/cmHhZpaQ9rhbKpkjHhxaytn2A0mbPhiD5yV8QzF3SiQwR1w/34rCJ1fw+6qBQSj/ZoXRdC+Xc2Q==}

  node-addon-api@7.1.1:
    resolution: {integrity: sha512-5m3bsyrjFWE1xf7nz7YXdN4udnVtXK6/Yfgn5qnahL6bCkf2yKt4k3nuTKAtT4r3IG8JNR2ncsIMdZuAzJjHQQ==}

  node-pty@1.2.0-beta.15:
    resolution: {integrity: sha512-vORSzHXi4Ofl7HemVWpuudLqCPdaQb4LfpRCUpE5HPxhp4JYscl8zZwxh11p26v2wvW24WMwnMfLjhRLixrfxA==}

  undici@8.11.0:
    resolution: {integrity: sha512-AdzuGcAkzhbha3GgCSoUBx2P0quwym6qdFNCQz/fDGZc8w9XJ741wHUbt2kTmfPz+ZIOMkySFkiY7RXmiDDC8w==}
    engines: {node: '>=22.19.0'}

  zod@4.6.5:
    resolution: {integrity: sha512-v5l/aFXZQeai4awLbOpSoHecE9UiMrnfx75tEXLjNonXVARxQ5mOeipTjROUchszUNCqnE+hqAMujRsRHsut2Q==}

snapshots:

  '@deepseek-ai/cordis@4.0.4':
    dependencies:
      '@deepseek-ai/cosmokit': 1.8.5
      '@standard-schema/spec': 1.1.0

  '@deepseek-ai/cosmokit@1.8.5': {}

  '@deepseek-ai/dsh-agent-loop@0.1.5-rc.2(323d2eb40a47fe08e979a4f2eaa1a111)':
    dependencies:
      '@deepseek-ai/cordis': 4.0.4
      '@deepseek-ai/dsh-agent': 0.1.5-rc.2(1683dffbbaa40ca3902cbce6322851b3)
      '@deepseek-ai/dsh-brand': 0.1.5-rc.3(@deepseek-ai/cordis@4.0.4)
      '@deepseek-ai/dsh-invariants': 0.1.5-rc.2(@deepseek-ai/cordis@4.0.4)
      '@deepseek-ai/dsh-llm': 0.1.5-rc.2(@deepseek-ai/cordis@4.0.4)
      '@deepseek-ai/dsh-scope': 0.1.5-rc.2(@deepseek-ai/cordis@4.0.4)(@deepseek-ai/dsh-invariants@0.1.5-rc.2(@deepseek-ai/cordis@4.0.4))
      '@deepseek-ai/dsh-session': 0.1.5-rc.2(@deepseek-ai/cordis@4.0.4)(@deepseek-ai/dsh-scope@0.1.5-rc.2(@deepseek-ai/cordis@4.0.4)(@deepseek-ai/dsh-invariants@0.1.5-rc.2(@deepseek-ai/cordis@4.0.4)))
      '@deepseek-ai/dsh-session-persistence': 0.1.5-rc.2(@deepseek-ai/cordis@4.0.4)(@deepseek-ai/dsh-brand@0.1.5-rc.3(@deepseek-ai/cordis@4.0.4))(@deepseek-ai/dsh-session@0.1.5-rc.2(@deepseek-ai/cordis@4.0.4)(@deepseek-ai/dsh-scope@0.1.5-rc.2(@deepseek-ai/cordis@4.0.4)(@deepseek-ai/dsh-invariants@0.1.5-rc.2(@deepseek-ai/cordis@4.0.4))))(@deepseek-ai/dsh-timeout@0.1.5-rc.2(@deepseek-ai/cordis@4.0.4))
      '@deepseek-ai/dsh-session-projection': 0.1.5-rc.3(@deepseek-ai/cordis@4.0.4)(@deepseek-ai/dsh-session@0.1.5-rc.2(@deepseek-ai/cordis@4.0.4)(@deepseek-ai/dsh-scope@0.1.5-rc.2(@deepseek-ai/cordis@4.0.4)(@deepseek-ai/dsh-invariants@0.1.5-rc.2(@deepseek-ai/cordis@4.0.4))))
      '@deepseek-ai/dsh-settings': 0.1.5-rc.2(@deepseek-ai/cordis@4.0.4)(@deepseek-ai/dsh-brand@0.1.5-rc.3(@deepseek-ai/cordis@4.0.4))(@deepseek-ai/dsh-invariants@0.1.5-rc.2(@deepseek-ai/cordis@4.0.4))(@deepseek-ai/dsh-session@0.1.5-rc.2(@deepseek-ai/cordis@4.0.4)(@deepseek-ai/dsh-scope@0.1.5-rc.2(@deepseek-ai/cordis@4.0.4)(@deepseek-ai/dsh-invariants@0.1.5-rc.2(@deepseek-ai/cordis@4.0.4))))(@deepseek-ai/schemastery@3.18.1)
      '@deepseek-ai/dsh-system-prompt': 0.1.5-rc.2(@deepseek-ai/cordis@4.0.4)(@deepseek-ai/dsh-invariants@0.1.5-rc.2(@deepseek-ai/cordis@4.0.4))(@deepseek-ai/dsh-llm@0.1.5-rc.2(@deepseek-ai/cordis@4.0.4))(@deepseek-ai/dsh-scope@0.1.5-rc.2(@deepseek-ai/cordis@4.0.4)(@deepseek-ai/dsh-invariants@0.1.5-rc.2(@deepseek-ai/cordis@4.0.4)))
      '@deepseek-ai/dsh-tools': 0.1.5-rc.3(0ecd9cdc39768fe0e27dd22e08ae13d3)
      '@deepseek-ai/dsh-util-values': 0.1.5-rc.3(@deepseek-ai/cordis@4.0.4)
      '@deepseek-ai/schemastery': 3.18.4
      zod: 4.6.5

  '@deepseek-ai/dsh-agent@0.1.5-rc.2(1683dffbbaa40ca3902cbce6322851b3)':
    dependencies:
      '@deepseek-ai/cordis': 4.0.4
      '@deepseek-ai/dsh-invariants': 0.1.5-rc.2(@deepseek-ai/cordis@4.0.4)
      '@deepseek-ai/dsh-llm': 0.1.5-rc.2(@deepseek-ai/cordis@4.0.4)
      '@deepseek-ai/dsh-scope': 0.1.5-rc.2(@deepseek-ai/cordis@4.0.4)(@deepseek-ai/dsh-invariants@0.1.5-rc.2(@deepseek-ai/cordis@4.0.4))
      '@deepseek-ai/dsh-session': 0.1.5-rc.2(@deepseek-ai/cordis@4.0.4)(@deepseek-ai/dsh-scope@0.1.5-rc.2(@deepseek-ai/cordis@4.0.4)(@deepseek-ai/dsh-invariants@0.1.5-rc.2(@deepseek-ai/cordis@4.0.4)))
      '@deepseek-ai/dsh-session-projection': 0.1.5-rc.3(@deepseek-ai/cordis@4.0.4)(@deepseek-ai/dsh-session@0.1.5-rc.2(@deepseek-ai/cordis@4.0.4)(@deepseek-ai/dsh-scope@0.1.5-rc.2(@deepseek-ai/cordis@4.0.4)(@deepseek-ai/dsh-invariants@0.1.5-rc.2(@deepseek-ai/cordis@4.0.4))))
      '@deepseek-ai/dsh-system-prompt': 0.1.5-rc.2(@deepseek-ai/cordis@4.0.4)(@deepseek-ai/dsh-invariants@0.1.5-rc.2(@deepseek-ai/cordis@4.0.4))(@deepseek-ai/dsh-llm@0.1.5-rc.2(@deepseek-ai/cordis@4.0.4))(@deepseek-ai/dsh-scope@0.1.5-rc.2(@deepseek-ai/cordis@4.0.4)(@deepseek-ai/dsh-invariants@0.1.5-rc.2(@deepseek-ai/cordis@4.0.4)))
      '@deepseek-ai/dsh-typert-protocol': 0.1.5-rc.2(@deepseek-ai/cordis@4.0.4)
      '@deepseek-ai/dsh-util-values': 0.1.5-rc.3(@deepseek-ai/cordis@4.0.4)

  '@deepseek-ai/dsh-attachment@0.1.5-rc.2(@deepseek-ai/cordis@4.0.4)(@deepseek-ai/dsh-brand@0.1.5-rc.3(@deepseek-ai/cordis@4.0.4))':
    dependencies:
      '@deepseek-ai/cordis': 4.0.4
      '@deepseek-ai/dsh-brand': 0.1.5-rc.3(@deepseek-ai/cordis@4.0.4)

  '@deepseek-ai/dsh-brand@0.1.5-rc.3(@deepseek-ai/cordis@4.0.4)':
    dependencies:
      '@deepseek-ai/cordis': 4.0.4

  '@deepseek-ai/dsh-code-runtime@0.1.5-rc.3(@deepseek-ai/cordis@4.0.4)':
    dependencies:
      '@deepseek-ai/cordis': 4.0.4

  '@deepseek-ai/dsh-home-paths@0.1.5-rc.2(@deepseek-ai/cordis@4.0.4)':
    dependencies:
      '@deepseek-ai/cordis': 4.0.4

  '@deepseek-ai/dsh-http-proxy@0.1.5-rc.3(@deepseek-ai/cordis@4.0.4)':
    dependencies:
      '@deepseek-ai/cordis': 4.0.4
      undici: 8.11.0

  '@deepseek-ai/dsh-invariants@0.1.5-rc.2(@deepseek-ai/cordis@4.0.4)':
    dependencies:
      '@deepseek-ai/cordis': 4.0.4
      '@deepseek-ai/schemastery': 3.18.4

  '@deepseek-ai/dsh-llm@0.1.5-rc.2(@deepseek-ai/cordis@4.0.4)':
    dependencies:
      '@deepseek-ai/cordis': 4.0.4
      '@deepseek-ai/dsh-brand': 0.1.5-rc.3(@deepseek-ai/cordis@4.0.4)
      '@deepseek-ai/dsh-timeout': 0.1.5-rc.2(@deepseek-ai/cordis@4.0.4)
      '@deepseek-ai/dsh-typert-protocol': 0.1.5-rc.2(@deepseek-ai/cordis@4.0.4)
      '@deepseek-ai/dsh-util-crypto': 0.1.5-rc.3(@deepseek-ai/cordis@4.0.4)
      '@deepseek-ai/dsh-util-values': 0.1.5-rc.3(@deepseek-ai/cordis@4.0.4)
      '@deepseek-ai/schemastery': 3.18.4
      zod: 4.6.5

  '@deepseek-ai/dsh-llm@0.1.5-rc.3(@deepseek-ai/cordis@4.0.4)':
    dependencies:
      '@deepseek-ai/cordis': 4.0.4
      '@deepseek-ai/dsh-brand': 0.1.5-rc.3(@deepseek-ai/cordis@4.0.4)
      '@deepseek-ai/dsh-timeout': 0.1.5-rc.3(@deepseek-ai/cordis@4.0.4)
      '@deepseek-ai/dsh-typert-protocol': 0.1.5-rc.3(@deepseek-ai/cordis@4.0.4)
      '@deepseek-ai/dsh-util-crypto': 0.1.5-rc.3(@deepseek-ai/cordis@4.0.4)
      '@deepseek-ai/dsh-util-values': 0.1.5-rc.3(@deepseek-ai/cordis@4.0.4)
      '@deepseek-ai/schemastery': 3.18.2
      zod: 4.6.5

  '@deepseek-ai/dsh-scope@0.1.5-rc.2(@deepseek-ai/cordis@4.0.4)(@deepseek-ai/dsh-invariants@0.1.5-rc.2(@deepseek-ai/cordis@4.0.4))':
    dependencies:
      '@deepseek-ai/cordis': 4.0.4
      '@deepseek-ai/dsh-invariants': 0.1.5-rc.2(@deepseek-ai/cordis@4.0.4)

  '@deepseek-ai/dsh-session-format-catalog@0.1.5-rc.3(@deepseek-ai/cordis@4.0.4)(@deepseek-ai/dsh-session@0.1.5-rc.2(@deepseek-ai/cordis@4.0.4)(@deepseek-ai/dsh-scope@0.1.5-rc.2(@deepseek-ai/cordis@4.0.4)(@deepseek-ai/dsh-invariants@0.1.5-rc.2(@deepseek-ai/cordis@4.0.4))))':
    dependencies:
      '@deepseek-ai/cordis': 4.0.4
      '@deepseek-ai/dsh-session': 0.1.5-rc.2(@deepseek-ai/cordis@4.0.4)(@deepseek-ai/dsh-scope@0.1.5-rc.2(@deepseek-ai/cordis@4.0.4)(@deepseek-ai/dsh-invariants@0.1.5-rc.2(@deepseek-ai/cordis@4.0.4)))
      '@deepseek-ai/dsh-session-format': 0.1.5-rc.3(@deepseek-ai/cordis@4.0.4)
      '@deepseek-ai/dsh-session-format-v0-to-v1': 0.1.5-rc.3(@deepseek-ai/cordis@4.0.4)
      '@deepseek-ai/dsh-session-format-v1-to-v2': 0.1.5-rc.3(@deepseek-ai/cordis@4.0.4)
      '@deepseek-ai/dsh-session-format-v2-to-v3': 0.1.5-rc.3(@deepseek-ai/cordis@4.0.4)

  '@deepseek-ai/dsh-session-format-v0-to-v1@0.1.5-rc.3(@deepseek-ai/cordis@4.0.4)':
    dependencies:
      '@deepseek-ai/cordis': 4.0.4
      '@deepseek-ai/dsh-session-format': 0.1.5-rc.3(@deepseek-ai/cordis@4.0.4)
      '@deepseek-ai/dsh-util-values': 0.1.5-rc.3(@deepseek-ai/cordis@4.0.4)

  '@deepseek-ai/dsh-session-format-v1-to-v2@0.1.5-rc.3(@deepseek-ai/cordis@4.0.4)':
    dependencies:
      '@deepseek-ai/cordis': 4.0.4
      '@deepseek-ai/dsh-llm': 0.1.5-rc.3(@deepseek-ai/cordis@4.0.4)
      '@deepseek-ai/dsh-session-format': 0.1.5-rc.3(@deepseek-ai/cordis@4.0.4)
      '@deepseek-ai/dsh-session-format-v0-to-v1': 0.1.5-rc.3(@deepseek-ai/cordis@4.0.4)
      '@deepseek-ai/dsh-util-values': 0.1.5-rc.3(@deepseek-ai/cordis@4.0.4)

  '@deepseek-ai/dsh-session-format-v2-to-v3@0.1.5-rc.3(@deepseek-ai/cordis@4.0.4)':
    dependencies:
      '@deepseek-ai/cordis': 4.0.4
      '@deepseek-ai/dsh-session-format': 0.1.5-rc.3(@deepseek-ai/cordis@4.0.4)
      '@deepseek-ai/dsh-session-format-v0-to-v1': 0.1.5-rc.3(@deepseek-ai/cordis@4.0.4)
      '@deepseek-ai/dsh-session-format-v1-to-v2': 0.1.5-rc.3(@deepseek-ai/cordis@4.0.4)

  '@deepseek-ai/dsh-session-format@0.1.5-rc.3(@deepseek-ai/cordis@4.0.4)':
    dependencies:
      '@deepseek-ai/cordis': 4.0.4
      '@deepseek-ai/dsh-util-values': 0.1.5-rc.3(@deepseek-ai/cordis@4.0.4)

  '@deepseek-ai/dsh-session-persistence-jsonl@0.1.5-rc.2(@deepseek-ai/cordis@4.0.4)(@deepseek-ai/dsh-session-persistence@0.1.5-rc.2(@deepseek-ai/cordis@4.0.4)(@deepseek-ai/dsh-brand@0.1.5-rc.3(@deepseek-ai/cordis@4.0.4))(@deepseek-ai/dsh-session@0.1.5-rc.2(@deepseek-ai/cordis@4.0.4)(@deepseek-ai/dsh-scope@0.1.5-rc.2(@deepseek-ai/cordis@4.0.4)(@deepseek-ai/dsh-invariants@0.1.5-rc.2(@deepseek-ai/cordis@4.0.4))))(@deepseek-ai/dsh-timeout@0.1.5-rc.2(@deepseek-ai/cordis@4.0.4)))(@deepseek-ai/dsh-session@0.1.5-rc.2(@deepseek-ai/cordis@4.0.4)(@deepseek-ai/dsh-scope@0.1.5-rc.2(@deepseek-ai/cordis@4.0.4)(@deepseek-ai/dsh-invariants@0.1.5-rc.2(@deepseek-ai/cordis@4.0.4))))':
    dependencies:
      '@deepseek-ai/cordis': 4.0.4
      '@deepseek-ai/dsh-llm': 0.1.5-rc.2(@deepseek-ai/cordis@4.0.4)
      '@deepseek-ai/dsh-session': 0.1.5-rc.2(@deepseek-ai/cordis@4.0.4)(@deepseek-ai/dsh-scope@0.1.5-rc.2(@deepseek-ai/cordis@4.0.4)(@deepseek-ai/dsh-invariants@0.1.5-rc.2(@deepseek-ai/cordis@4.0.4)))
      '@deepseek-ai/dsh-session-format': 0.1.5-rc.3(@deepseek-ai/cordis@4.0.4)
      '@deepseek-ai/dsh-session-format-catalog': 0.1.5-rc.3(@deepseek-ai/cordis@4.0.4)(@deepseek-ai/dsh-session@0.1.5-rc.2(@deepseek-ai/cordis@4.0.4)(@deepseek-ai/dsh-scope@0.1.5-rc.2(@deepseek-ai/cordis@4.0.4)(@deepseek-ai/dsh-invariants@0.1.5-rc.2(@deepseek-ai/cordis@4.0.4))))
      '@deepseek-ai/dsh-session-format-v2-to-v3': 0.1.5-rc.3(@deepseek-ai/cordis@4.0.4)
      '@deepseek-ai/dsh-session-persistence': 0.1.5-rc.2(@deepseek-ai/cordis@4.0.4)(@deepseek-ai/dsh-brand@0.1.5-rc.3(@deepseek-ai/cordis@4.0.4))(@deepseek-ai/dsh-session@0.1.5-rc.2(@deepseek-ai/cordis@4.0.4)(@deepseek-ai/dsh-scope@0.1.5-rc.2(@deepseek-ai/cordis@4.0.4)(@deepseek-ai/dsh-invariants@0.1.5-rc.2(@deepseek-ai/cordis@4.0.4))))(@deepseek-ai/dsh-timeout@0.1.5-rc.2(@deepseek-ai/cordis@4.0.4))
      '@deepseek-ai/node-addon-system': 0.1.2
      '@deepseek-ai/schemastery': 3.18.4
      koffi: 3.3.1

  '@deepseek-ai/dsh-session-persistence@0.1.5-rc.2(@deepseek-ai/cordis@4.0.4)(@deepseek-ai/dsh-brand@0.1.5-rc.3(@deepseek-ai/cordis@4.0.4))(@deepseek-ai/dsh-session@0.1.5-rc.2(@deepseek-ai/cordis@4.0.4)(@deepseek-ai/dsh-scope@0.1.5-rc.2(@deepseek-ai/cordis@4.0.4)(@deepseek-ai/dsh-invariants@0.1.5-rc.2(@deepseek-ai/cordis@4.0.4))))(@deepseek-ai/dsh-timeout@0.1.5-rc.2(@deepseek-ai/cordis@4.0.4))':
    dependencies:
      '@deepseek-ai/cordis': 4.0.4
      '@deepseek-ai/dsh-brand': 0.1.5-rc.3(@deepseek-ai/cordis@4.0.4)
      '@deepseek-ai/dsh-session': 0.1.5-rc.2(@deepseek-ai/cordis@4.0.4)(@deepseek-ai/dsh-scope@0.1.5-rc.2(@deepseek-ai/cordis@4.0.4)(@deepseek-ai/dsh-invariants@0.1.5-rc.2(@deepseek-ai/cordis@4.0.4)))
      '@deepseek-ai/dsh-timeout': 0.1.5-rc.2(@deepseek-ai/cordis@4.0.4)
      '@deepseek-ai/dsh-util-values': 0.1.5-rc.3(@deepseek-ai/cordis@4.0.4)

  '@deepseek-ai/dsh-session-projection@0.1.5-rc.3(@deepseek-ai/cordis@4.0.4)(@deepseek-ai/dsh-session@0.1.5-rc.2(@deepseek-ai/cordis@4.0.4)(@deepseek-ai/dsh-scope@0.1.5-rc.2(@deepseek-ai/cordis@4.0.4)(@deepseek-ai/dsh-invariants@0.1.5-rc.2(@deepseek-ai/cordis@4.0.4))))':
    dependencies:
      '@deepseek-ai/cordis': 4.0.4
      '@deepseek-ai/dsh-session': 0.1.5-rc.2(@deepseek-ai/cordis@4.0.4)(@deepseek-ai/dsh-scope@0.1.5-rc.2(@deepseek-ai/cordis@4.0.4)(@deepseek-ai/dsh-invariants@0.1.5-rc.2(@deepseek-ai/cordis@4.0.4)))
      zod: 4.6.5

  '@deepseek-ai/dsh-session@0.1.5-rc.2(@deepseek-ai/cordis@4.0.4)(@deepseek-ai/dsh-scope@0.1.5-rc.2(@deepseek-ai/cordis@4.0.4)(@deepseek-ai/dsh-invariants@0.1.5-rc.2(@deepseek-ai/cordis@4.0.4)))':
    dependencies:
      '@deepseek-ai/cordis': 4.0.4
      '@deepseek-ai/dsh-brand': 0.1.5-rc.3(@deepseek-ai/cordis@4.0.4)
      '@deepseek-ai/dsh-llm': 0.1.5-rc.2(@deepseek-ai/cordis@4.0.4)
      '@deepseek-ai/dsh-scope': 0.1.5-rc.2(@deepseek-ai/cordis@4.0.4)(@deepseek-ai/dsh-invariants@0.1.5-rc.2(@deepseek-ai/cordis@4.0.4))
      '@deepseek-ai/dsh-util-values': 0.1.5-rc.3(@deepseek-ai/cordis@4.0.4)

  '@deepseek-ai/dsh-settings@0.1.5-rc.2(@deepseek-ai/cordis@4.0.4)(@deepseek-ai/dsh-brand@0.1.5-rc.3(@deepseek-ai/cordis@4.0.4))(@deepseek-ai/dsh-invariants@0.1.5-rc.2(@deepseek-ai/cordis@4.0.4))(@deepseek-ai/dsh-session@0.1.5-rc.2(@deepseek-ai/cordis@4.0.4)(@deepseek-ai/dsh-scope@0.1.5-rc.2(@deepseek-ai/cordis@4.0.4)(@deepseek-ai/dsh-invariants@0.1.5-rc.2(@deepseek-ai/cordis@4.0.4))))(@deepseek-ai/schemastery@3.18.1)':
    dependencies:
      '@deepseek-ai/cordis': 4.0.4
      '@deepseek-ai/dsh-brand': 0.1.5-rc.3(@deepseek-ai/cordis@4.0.4)
      '@deepseek-ai/dsh-invariants': 0.1.5-rc.2(@deepseek-ai/cordis@4.0.4)
      '@deepseek-ai/dsh-session': 0.1.5-rc.2(@deepseek-ai/cordis@4.0.4)(@deepseek-ai/dsh-scope@0.1.5-rc.2(@deepseek-ai/cordis@4.0.4)(@deepseek-ai/dsh-invariants@0.1.5-rc.2(@deepseek-ai/cordis@4.0.4)))
      '@deepseek-ai/dsh-util-values': 0.1.5-rc.3(@deepseek-ai/cordis@4.0.4)
      '@deepseek-ai/schemastery': 3.18.1

  '@deepseek-ai/dsh-subprocess-local@0.1.5-rc.2(@deepseek-ai/cordis@4.0.4)(@deepseek-ai/dsh-subprocess@0.1.5-rc.2(@deepseek-ai/cordis@4.0.4)(@deepseek-ai/dsh-http-proxy@0.1.5-rc.3(@deepseek-ai/cordis@4.0.4)))(@deepseek-ai/dsh-timeout@0.1.5-rc.2(@deepseek-ai/cordis@4.0.4))':
    dependencies:
      '@deepseek-ai/cordis': 4.0.4
      '@deepseek-ai/dsh-subprocess': 0.1.5-rc.2(@deepseek-ai/cordis@4.0.4)(@deepseek-ai/dsh-http-proxy@0.1.5-rc.3(@deepseek-ai/cordis@4.0.4))
      '@deepseek-ai/dsh-timeout': 0.1.5-rc.2(@deepseek-ai/cordis@4.0.4)
      '@deepseek-ai/dsh-win32-process': 0.1.5-rc.3(@deepseek-ai/cordis@4.0.4)
      koffi: 3.3.1
      node-pty: 1.2.0-beta.15

  '@deepseek-ai/dsh-subprocess@0.1.5-rc.2(@deepseek-ai/cordis@4.0.4)(@deepseek-ai/dsh-http-proxy@0.1.5-rc.3(@deepseek-ai/cordis@4.0.4))':
    dependencies:
      '@deepseek-ai/cordis': 4.0.4
      '@deepseek-ai/dsh-http-proxy': 0.1.5-rc.3(@deepseek-ai/cordis@4.0.4)

  '@deepseek-ai/dsh-system-prompt@0.1.5-rc.2(@deepseek-ai/cordis@4.0.4)(@deepseek-ai/dsh-invariants@0.1.5-rc.2(@deepseek-ai/cordis@4.0.4))(@deepseek-ai/dsh-llm@0.1.5-rc.2(@deepseek-ai/cordis@4.0.4))(@deepseek-ai/dsh-scope@0.1.5-rc.2(@deepseek-ai/cordis@4.0.4)(@deepseek-ai/dsh-invariants@0.1.5-rc.2(@deepseek-ai/cordis@4.0.4)))':
    dependencies:
      '@deepseek-ai/cordis': 4.0.4
      '@deepseek-ai/dsh-invariants': 0.1.5-rc.2(@deepseek-ai/cordis@4.0.4)
      '@deepseek-ai/dsh-llm': 0.1.5-rc.2(@deepseek-ai/cordis@4.0.4)
      '@deepseek-ai/dsh-scope': 0.1.5-rc.2(@deepseek-ai/cordis@4.0.4)(@deepseek-ai/dsh-invariants@0.1.5-rc.2(@deepseek-ai/cordis@4.0.4))
      '@deepseek-ai/schemastery': 3.18.4

  '@deepseek-ai/dsh-timeout@0.1.5-rc.2(@deepseek-ai/cordis@4.0.4)':
    dependencies:
      '@deepseek-ai/cordis': 4.0.4

  '@deepseek-ai/dsh-timeout@0.1.5-rc.3(@deepseek-ai/cordis@4.0.4)':
    dependencies:
      '@deepseek-ai/cordis': 4.0.4

  '@deepseek-ai/dsh-tools@0.1.5-rc.3(0ecd9cdc39768fe0e27dd22e08ae13d3)':
    dependencies:
      '@deepseek-ai/cordis': 4.0.4
      '@deepseek-ai/dsh-agent': 0.1.5-rc.2(1683dffbbaa40ca3902cbce6322851b3)
      '@deepseek-ai/dsh-brand': 0.1.5-rc.3(@deepseek-ai/cordis@4.0.4)
      '@deepseek-ai/dsh-code-runtime': 0.1.5-rc.3(@deepseek-ai/cordis@4.0.4)
      '@deepseek-ai/dsh-invariants': 0.1.5-rc.2(@deepseek-ai/cordis@4.0.4)
      '@deepseek-ai/dsh-llm': 0.1.5-rc.2(@deepseek-ai/cordis@4.0.4)
      '@deepseek-ai/dsh-scope': 0.1.5-rc.2(@deepseek-ai/cordis@4.0.4)(@deepseek-ai/dsh-invariants@0.1.5-rc.2(@deepseek-ai/cordis@4.0.4))
      '@deepseek-ai/dsh-session': 0.1.5-rc.2(@deepseek-ai/cordis@4.0.4)(@deepseek-ai/dsh-scope@0.1.5-rc.2(@deepseek-ai/cordis@4.0.4)(@deepseek-ai/dsh-invariants@0.1.5-rc.2(@deepseek-ai/cordis@4.0.4)))
      '@deepseek-ai/dsh-system-prompt': 0.1.5-rc.2(@deepseek-ai/cordis@4.0.4)(@deepseek-ai/dsh-invariants@0.1.5-rc.2(@deepseek-ai/cordis@4.0.4))(@deepseek-ai/dsh-llm@0.1.5-rc.2(@deepseek-ai/cordis@4.0.4))(@deepseek-ai/dsh-scope@0.1.5-rc.2(@deepseek-ai/cordis@4.0.4)(@deepseek-ai/dsh-invariants@0.1.5-rc.2(@deepseek-ai/cordis@4.0.4)))
      '@deepseek-ai/dsh-user-approval': 0.1.5-rc.3(@deepseek-ai/cordis@4.0.4)(@deepseek-ai/dsh-agent@0.1.5-rc.2(1683dffbbaa40ca3902cbce6322851b3))(@deepseek-ai/dsh-brand@0.1.5-rc.3(@deepseek-ai/cordis@4.0.4))(@deepseek-ai/dsh-invariants@0.1.5-rc.2(@deepseek-ai/cordis@4.0.4))(@deepseek-ai/dsh-llm@0.1.5-rc.2(@deepseek-ai/cordis@4.0.4))(@deepseek-ai/dsh-scope@0.1.5-rc.2(@deepseek-ai/cordis@4.0.4)(@deepseek-ai/dsh-invariants@0.1.5-rc.2(@deepseek-ai/cordis@4.0.4)))(@deepseek-ai/dsh-session@0.1.5-rc.2(@deepseek-ai/cordis@4.0.4)(@deepseek-ai/dsh-scope@0.1.5-rc.2(@deepseek-ai/cordis@4.0.4)(@deepseek-ai/dsh-invariants@0.1.5-rc.2(@deepseek-ai/cordis@4.0.4))))(@deepseek-ai/dsh-system-prompt@0.1.5-rc.2(@deepseek-ai/cordis@4.0.4)(@deepseek-ai/dsh-invariants@0.1.5-rc.2(@deepseek-ai/cordis@4.0.4))(@deepseek-ai/dsh-llm@0.1.5-rc.2(@deepseek-ai/cordis@4.0.4))(@deepseek-ai/dsh-scope@0.1.5-rc.2(@deepseek-ai/cordis@4.0.4)(@deepseek-ai/dsh-invariants@0.1.5-rc.2(@deepseek-ai/cordis@4.0.4))))
      '@deepseek-ai/dsh-util-values': 0.1.5-rc.3(@deepseek-ai/cordis@4.0.4)
      '@deepseek-ai/schemastery': 3.18.2

  '@deepseek-ai/dsh-typert-protocol@0.1.5-rc.2(@deepseek-ai/cordis@4.0.4)':
    dependencies:
      '@deepseek-ai/cordis': 4.0.4

  '@deepseek-ai/dsh-typert-protocol@0.1.5-rc.3(@deepseek-ai/cordis@4.0.4)':
    dependencies:
      '@deepseek-ai/cordis': 4.0.4

  '@deepseek-ai/dsh-user-approval@0.1.5-rc.3(@deepseek-ai/cordis@4.0.4)(@deepseek-ai/dsh-agent@0.1.5-rc.2(1683dffbbaa40ca3902cbce6322851b3))(@deepseek-ai/dsh-brand@0.1.5-rc.3(@deepseek-ai/cordis@4.0.4))(@deepseek-ai/dsh-invariants@0.1.5-rc.2(@deepseek-ai/cordis@4.0.4))(@deepseek-ai/dsh-llm@0.1.5-rc.2(@deepseek-ai/cordis@4.0.4))(@deepseek-ai/dsh-scope@0.1.5-rc.2(@deepseek-ai/cordis@4.0.4)(@deepseek-ai/dsh-invariants@0.1.5-rc.2(@deepseek-ai/cordis@4.0.4)))(@deepseek-ai/dsh-session@0.1.5-rc.2(@deepseek-ai/cordis@4.0.4)(@deepseek-ai/dsh-scope@0.1.5-rc.2(@deepseek-ai/cordis@4.0.4)(@deepseek-ai/dsh-invariants@0.1.5-rc.2(@deepseek-ai/cordis@4.0.4))))(@deepseek-ai/dsh-system-prompt@0.1.5-rc.2(@deepseek-ai/cordis@4.0.4)(@deepseek-ai/dsh-invariants@0.1.5-rc.2(@deepseek-ai/cordis@4.0.4))(@deepseek-ai/dsh-llm@0.1.5-rc.2(@deepseek-ai/cordis@4.0.4))(@deepseek-ai/dsh-scope@0.1.5-rc.2(@deepseek-ai/cordis@4.0.4)(@deepseek-ai/dsh-invariants@0.1.5-rc.2(@deepseek-ai/cordis@4.0.4))))':
    dependencies:
      '@deepseek-ai/cordis': 4.0.4
      '@deepseek-ai/dsh-agent': 0.1.5-rc.2(1683dffbbaa40ca3902cbce6322851b3)
      '@deepseek-ai/dsh-brand': 0.1.5-rc.3(@deepseek-ai/cordis@4.0.4)
      '@deepseek-ai/dsh-invariants': 0.1.5-rc.2(@deepseek-ai/cordis@4.0.4)
      '@deepseek-ai/dsh-llm': 0.1.5-rc.2(@deepseek-ai/cordis@4.0.4)
      '@deepseek-ai/dsh-scope': 0.1.5-rc.2(@deepseek-ai/cordis@4.0.4)(@deepseek-ai/dsh-invariants@0.1.5-rc.2(@deepseek-ai/cordis@4.0.4))
      '@deepseek-ai/dsh-session': 0.1.5-rc.2(@deepseek-ai/cordis@4.0.4)(@deepseek-ai/dsh-scope@0.1.5-rc.2(@deepseek-ai/cordis@4.0.4)(@deepseek-ai/dsh-invariants@0.1.5-rc.2(@deepseek-ai/cordis@4.0.4)))
      '@deepseek-ai/dsh-system-prompt': 0.1.5-rc.2(@deepseek-ai/cordis@4.0.4)(@deepseek-ai/dsh-invariants@0.1.5-rc.2(@deepseek-ai/cordis@4.0.4))(@deepseek-ai/dsh-llm@0.1.5-rc.2(@deepseek-ai/cordis@4.0.4))(@deepseek-ai/dsh-scope@0.1.5-rc.2(@deepseek-ai/cordis@4.0.4)(@deepseek-ai/dsh-invariants@0.1.5-rc.2(@deepseek-ai/cordis@4.0.4)))
      '@deepseek-ai/schemastery': 3.18.2

  '@deepseek-ai/dsh-util-crypto@0.1.5-rc.3(@deepseek-ai/cordis@4.0.4)':
    dependencies:
      '@deepseek-ai/cordis': 4.0.4

  '@deepseek-ai/dsh-util-values@0.1.5-rc.3(@deepseek-ai/cordis@4.0.4)':
    dependencies:
      '@deepseek-ai/cordis': 4.0.4

  '@deepseek-ai/dsh-win32-process@0.1.5-rc.3(@deepseek-ai/cordis@4.0.4)':
    dependencies:
      '@deepseek-ai/cordis': 4.0.4
      koffi: 3.3.1

  '@deepseek-ai/node-addon-system-darwin-arm64@0.1.2':
    optional: true

  '@deepseek-ai/node-addon-system-darwin-x64@0.1.2':
    optional: true

  '@deepseek-ai/node-addon-system-linux-arm64@0.1.2':
    optional: true

  '@deepseek-ai/node-addon-system-linux-x64@0.1.2':
    optional: true

  '@deepseek-ai/node-addon-system@0.1.2':
    optionalDependencies:
      '@deepseek-ai/node-addon-system-darwin-arm64': 0.1.2
      '@deepseek-ai/node-addon-system-darwin-x64': 0.1.2
      '@deepseek-ai/node-addon-system-linux-arm64': 0.1.2
      '@deepseek-ai/node-addon-system-linux-x64': 0.1.2

  '@deepseek-ai/schemastery@3.18.1':
    dependencies:
      '@deepseek-ai/cosmokit': 1.8.5
      '@standard-schema/spec': 1.1.0

  '@deepseek-ai/schemastery@3.18.2':
    dependencies:
      '@deepseek-ai/cosmokit': 1.8.5
      '@standard-schema/spec': 1.1.0

  '@deepseek-ai/schemastery@3.18.4':
    dependencies:
      '@deepseek-ai/cosmokit': 1.8.5
      '@standard-schema/spec': 1.1.0

  '@koromix/koffi-android-arm64@3.3.1':
    optional: true

  '@koromix/koffi-android-x64@3.3.1':
    optional: true

  '@koromix/koffi-darwin-arm64@3.3.1':
    optional: true

  '@koromix/koffi-darwin-x64@3.3.1':
    optional: true

  '@koromix/koffi-freebsd-arm64@3.3.1':
    optional: true

  '@koromix/koffi-freebsd-ia32@3.3.1':
    optional: true

  '@koromix/koffi-freebsd-x64@3.3.1':
    optional: true

  '@koromix/koffi-linux-arm64@3.3.1':
    optional: true

  '@koromix/koffi-linux-arm@3.3.1':
    optional: true

  '@koromix/koffi-linux-ia32@3.3.1':
    optional: true

  '@koromix/koffi-linux-loong64@3.3.1':
    optional: true

  '@koromix/koffi-linux-ppc64@3.3.1':
    optional: true

  '@koromix/koffi-linux-riscv64@3.3.1':
    optional: true

  '@koromix/koffi-linux-x64@3.3.1':
    optional: true

  '@koromix/koffi-openbsd-arm64@3.3.1':
    optional: true

  '@koromix/koffi-openbsd-ia32@3.3.1':
    optional: true

  '@koromix/koffi-openbsd-x64@3.3.1':
    optional: true

  '@koromix/koffi-win32-arm64@3.3.1':
    optional: true

  '@koromix/koffi-win32-ia32@3.3.1':
    optional: true

  '@koromix/koffi-win32-x64@3.3.1':
    optional: true

  '@standard-schema/spec@1.1.0': {}

  koffi@3.3.1:
    optionalDependencies:
      '@koromix/koffi-android-arm64': 3.3.1
      '@koromix/koffi-android-x64': 3.3.1
      '@koromix/koffi-darwin-arm64': 3.3.1
      '@koromix/koffi-darwin-x64': 3.3.1
      '@koromix/koffi-freebsd-arm64': 3.3.1
      '@koromix/koffi-freebsd-ia32': 3.3.1
      '@koromix/koffi-freebsd-x64': 3.3.1
      '@koromix/koffi-linux-arm': 3.3.1
      '@koromix/koffi-linux-arm64': 3.3.1
      '@koromix/koffi-linux-ia32': 3.3.1
      '@koromix/koffi-linux-loong64': 3.3.1
      '@koromix/koffi-linux-ppc64': 3.3.1
      '@koromix/koffi-linux-riscv64': 3.3.1
      '@koromix/koffi-linux-x64': 3.3.1
      '@koromix/koffi-openbsd-arm64': 3.3.1
      '@koromix/koffi-openbsd-ia32': 3.3.1
      '@koromix/koffi-openbsd-x64': 3.3.1
      '@koromix/koffi-win32-arm64': 3.3.1
      '@koromix/koffi-win32-ia32': 3.3.1
      '@koromix/koffi-win32-x64': 3.3.1

  node-addon-api@7.1.1: {}

  node-pty@1.2.0-beta.15:
    dependencies:
      node-addon-api: 7.1.1

  undici@8.11.0: {}

  zod@4.6.5: {}
